{
    "_readme": [
        "This file locks the dependencies of your project to a known state",
        "Read more about it at http://getcomposer.org/doc/01-basic-usage.md#composer-lock-the-lock-file",
        "This file is @generated automatically"
    ],
    "hash": "3a7493802899c804c8d1e86fd4bde0d8",
    "packages": [
        {
            "name": "phpclasses/ccheckmail",
            "version": "1.0.0",
            "dist": {
                "type": "zip",
                "url": "http://www.phpclasses.org/install/package/ccheckmail.zip",
                "reference": null,
                "shasum": null
            },
            "type": "library",
            "autoload": {
                "classmap": [
                    "CCheckMail.php"
                ]
            }
        }
    ],
    "packages-dev": [],
    "aliases": [],
    "minimum-stability": "alpha",
    "stability-flags": [],
    "prefer-stable": false,
    "prefer-lowest": false,
    "platform": [],
    "platform-dev": []
}
